
Microsoft Visual Studio Solution File, Format Version 12.00
# Visual Studio Version 17
VisualStudioVersion = 17.0.31903.59
MinimumVisualStudioVersion = 10.0.40219.1
Project("{FAE04EC0-301F-11D3-BF4B-00C04F79EFBC}") = "TinyTrans.Core", "TinyTrans.Core\TinyTrans.Core.csproj", "{13570240-C126-40A1-92D0-0EC0B830972B}"
EndProject
Project("{FAE04EC0-301F-11D3-BF4B-00C04F79EFBC}") = "TinyTrans.Core.Tests", "TinyTrans.Core.Tests\TinyTrans.Core.Tests.csproj", "{6F551F9D-0BB5-44A3-A4E5-C4DC5D5D54DF}"
EndProject
Project("{FAE04EC0-301F-11D3-BF4B-00C04F79EFBC}") = "TinyTrans", "TinyTrans\TinyTrans.csproj", "{7BBD4412-2328-4131-A67C-5A7435B26D6B}"
EndProject
Global
	GlobalSection(SolutionConfigurationPlatforms) = preSolution
		Debug|Any CPU = Debug|Any CPU
		Debug|x64 = Debug|x64
		Debug|x86 = Debug|x86
		Release|Any CPU = Release|Any CPU
		Release|x64 = Release|x64
		Release|x86 = Release|x86
	EndGlobalSection
	GlobalSection(ProjectConfigurationPlatforms) = postSolution
		{13570240-C126-40A1-92D0-0EC0B830972B}.Debug|Any CPU.ActiveCfg = Debug|Any CPU
		{13570240-C126-40A1-92D0-0EC0B830972B}.Debug|Any CPU.Build.0 = Debug|Any CPU
		{13570240-C126-40A1-92D0-0EC0B830972B}.Debug|x64.ActiveCfg = Debug|Any CPU
		{13570240-C126-40A1-92D0-0EC0B830972B}.Debug|x64.Build.0 = Debug|Any CPU
		{13570240-C126-40A1-92D0-0EC0B830972B}.Debug|x86.ActiveCfg = Debug|Any CPU
		{13570240-C126-40A1-92D0-0EC0B830972B}.Debug|x86.Build.0 = Debug|Any CPU
		{13570240-C126-40A1-92D0-0EC0B830972B}.Release|Any CPU.ActiveCfg = Release|Any CPU
		{13570240-C126-40A1-92D0-0EC0B830972B}.Release|Any CPU.Build.0 = Release|Any CPU
		{13570240-C126-40A1-92D0-0EC0B830972B}.Release|x64.ActiveCfg = Release|Any CPU
		{13570240-C126-40A1-92D0-0EC0B830972B}.Release|x64.Build.0 = Release|Any CPU
		{13570240-C126-40A1-92D0-0EC0B830972B}.Release|x86.ActiveCfg = Release|Any CPU
		{13570240-C126-40A1-92D0-0EC0B830972B}.Release|x86.Build.0 = Release|Any CPU
		{6F551F9D-0BB5-44A3-A4E5-C4DC5D5D54DF}.Debug|Any CPU.ActiveCfg = Debug|Any CPU
		{6F551F9D-0BB5-44A3-A4E5-C4DC5D5D54DF}.Debug|Any CPU.Build.0 = Debug|Any CPU
		{6F551F9D-0BB5-44A3-A4E5-C4DC5D5D54DF}.Debug|x64.ActiveCfg = Debug|Any CPU
		{6F551F9D-0BB5-44A3-A4E5-C4DC5D5D54DF}.Debug|x64.Build.0 = Debug|Any CPU
		{6F551F9D-0BB5-44A3-A4E5-C4DC5D5D54DF}.Debug|x86.ActiveCfg = Debug|Any CPU
		{6F551F9D-0BB5-44A3-A4E5-C4DC5D5D54DF}.Debug|x86.Build.0 = Debug|Any CPU
		{6F551F9D-0BB5-44A3-A4E5-C4DC5D5D54DF}.Release|Any CPU.ActiveCfg = Release|Any CPU
		{6F551F9D-0BB5-44A3-A4E5-C4DC5D5D54DF}.Release|Any CPU.Build.0 = Release|Any CPU
		{6F551F9D-0BB5-44A3-A4E5-C4DC5D5D54DF}.Release|x64.ActiveCfg = Release|Any CPU
		{6F551F9D-0BB5-44A3-A4E5-C4DC5D5D54DF}.Release|x64.Build.0 = Release|Any CPU
		{6F551F9D-0BB5-44A3-A4E5-C4DC5D5D54DF}.Release|x86.ActiveCfg = Release|Any CPU
		{6F551F9D-0BB5-44A3-A4E5-C4DC5D5D54DF}.Release|x86.Build.0 = Release|Any CPU
		{7BBD4412-2328-4131-A67C-5A7435B26D6B}.Debug|Any CPU.ActiveCfg = Debug|Any CPU
		{7BBD4412-2328-4131-A67C-5A7435B26D6B}.Debug|Any CPU.Build.0 = Debug|Any CPU
		{7BBD4412-2328-4131-A67C-5A7435B26D6B}.Debug|x64.ActiveCfg = Debug|Any CPU
		{7BBD4412-2328-4131-A67C-5A7435B26D6B}.Debug|x64.Build.0 = Debug|Any CPU
		{7BBD4412-2328-4131-A67C-5A7435B26D6B}.Debug|x86.ActiveCfg = Debug|Any CPU
		{7BBD4412-2328-4131-A67C-5A7435B26D6B}.Debug|x86.Build.0 = Debug|Any CPU
		{7BBD4412-2328-4131-A67C-5A7435B26D6B}.Release|Any CPU.ActiveCfg = Release|Any CPU
		{7BBD4412-2328-4131-A67C-5A7435B26D6B}.Release|Any CPU.Build.0 = Release|Any CPU
		{7BBD4412-2328-4131-A67C-5A7435B26D6B}.Release|x64.ActiveCfg = Release|Any CPU
		{7BBD4412-2328-4131-A67C-5A7435B26D6B}.Release|x64.Build.0 = Release|Any CPU
		{7BBD4412-2328-4131-A67C-5A7435B26D6B}.Release|x86.ActiveCfg = Release|Any CPU
		{7BBD4412-2328-4131-A67C-5A7435B26D6B}.Release|x86.Build.0 = Release|Any CPU
	EndGlobalSection
	GlobalSection(SolutionProperties) = preSolution
		HideSolutionNode = FALSE
	EndGlobalSection
EndGlobal
